
Microsoft Visual Studio Solution File, Format Version 12.00
# Visual Studio Version 16
VisualStudioVersion = 16.0.28922.388
MinimumVisualStudioVersion = 10.0.40219.1
Project("{FAE04EC0-301F-11D3-BF4B-00C04F79EFBC}") = "WebApplication1", "WebApplication1\WebApplication1.csproj", "{4D9E85A8-B8B7-46DE-9DC2-450809DD749D}"
EndProject
Project("{FAE04EC0-301F-11D3-BF4B-00C04F79EFBC}") = "WebApplication3", "WebApplication3\WebApplication3.csproj", "{40ECC17D-C29D-4D39-8F92-4A019557DAFB}"
EndProject
Global
	GlobalSection(SolutionConfigurationPlatforms) = preSolution
		Debug|Any CPU = Debug|Any CPU
		Release|Any CPU = Release|Any CPU
	EndGlobalSection
	GlobalSection(ProjectConfigurationPlatforms) = postSolution
		{4D9E85A8-B8B7-46DE-9DC2-450809DD749D}.Debug|Any CPU.ActiveCfg = Debug|Any CPU
		{4D9E85A8-B8B7-46DE-9DC2-450809DD749D}.Debug|Any CPU.Build.0 = Debug|Any CPU
		{4D9E85A8-B8B7-46DE-9DC2-450809DD749D}.Release|Any CPU.ActiveCfg = Release|Any CPU
		{4D9E85A8-B8B7-46DE-9DC2-450809DD749D}.Release|Any CPU.Build.0 = Release|Any CPU
		{40ECC17D-C29D-4D39-8F92-4A019557DAFB}.Debug|Any CPU.ActiveCfg = Debug|Any CPU
		{40ECC17D-C29D-4D39-8F92-4A019557DAFB}.Debug|Any CPU.Build.0 = Debug|Any CPU
		{40ECC17D-C29D-4D39-8F92-4A019557DAFB}.Release|Any CPU.ActiveCfg = Release|Any CPU
		{40ECC17D-C29D-4D39-8F92-4A019557DAFB}.Release|Any CPU.Build.0 = Release|Any CPU
	EndGlobalSection
	GlobalSection(SolutionProperties) = preSolution
		HideSolutionNode = FALSE
	EndGlobalSection
	GlobalSection(ExtensibilityGlobals) = postSolution
		SolutionGuid = {57A2E510-A789-4C36-9D26-B583B4294820}
	EndGlobalSection
EndGlobal
